
Microsoft Visual Studio Solution File, Format Version 12.00
# Visual Studio Version 17
VisualStudioVersion = 17.9.34728.123
MinimumVisualStudioVersion = 10.0.40219.1
Project("{FAE04EC0-301F-11D3-BF4B-00C04F79EFBC}") = "Seetek EMS", "Seetek EMS.csproj", "{647760AC-56D7-40EA-A227-AED88ACF152E}"
EndProject
Global
	GlobalSection(SolutionConfigurationPlatforms) = preSolution
		Debug|Any CPU = Debug|Any CPU
		Release|Any CPU = Release|Any CPU
	EndGlobalSection
	GlobalSection(ProjectConfigurationPlatforms) = postSolution
		{647760AC-56D7-40EA-A227-AED88ACF152E}.Debug|Any CPU.ActiveCfg = Debug|Any CPU
		{647760AC-56D7-40EA-A227-AED88ACF152E}.Debug|Any CPU.Build.0 = Debug|Any CPU
		{647760AC-56D7-40EA-A227-AED88ACF152E}.Release|Any CPU.ActiveCfg = Release|Any CPU
		{647760AC-56D7-40EA-A227-AED88ACF152E}.Release|Any CPU.Build.0 = Release|Any CPU
	EndGlobalSection
	GlobalSection(SolutionProperties) = preSolution
		HideSolutionNode = FALSE
	EndGlobalSection
	GlobalSection(ExtensibilityGlobals) = postSolution
		SolutionGuid = {D82BFAC6-6A59-47DF-907E-507751E6D0CF}
	EndGlobalSection
EndGlobal
